<?xml version="1.0" encoding="utf-8"?>
<Project ToolsVersion="4.0" xmlns="http://schemas.microsoft.com/developer/msbuild/2003">
  <ItemGroup>
    <Filter Include="Source Files">
      <UniqueIdentifier>{4FC737F1-C7A5-4376-A066-2A32D752A2FF}</UniqueIdentifier>
      <Extensions>cpp;c;cc;cxx;def;odl;idl;hpj;bat;asm;asmx</Extensions>
    </Filter>
    <Filter Include="Header Files">
      <UniqueIdentifier>{93995380-89BD-4b04-88EB-625FBE52EBFB}</UniqueIdentifier>
      <Extensions>h;hh;hpp;hxx;hm;inl;inc;xsd</Extensions>
    </Filter>
    <Filter Include="Resource Files">
      <UniqueIdentifier>{67DA6AB6-F800-4c08-8B7A-83BB121AAD01}</UniqueIdentifier>
      <Extensions>rc;ico;cur;bmp;dlg;rc2;rct;bin;rgs;gif;jpg;jpeg;jpe;resx;tiff;tif;png;wav;mfcribbon-ms</Extensions>
    </Filter>
    <Filter Include="Source Files\live555">
      <UniqueIdentifier>{443e45cd-e2ae-4988-9301-1b1265936bb5}</UniqueIdentifier>
    </Filter>
    <Filter Include="Header Files\live555">
      <UniqueIdentifier>{1cc87aaf-fb66-4c43-9844-d6533c9625fe}</UniqueIdentifier>
    </Filter>
  </ItemGroup>
  <ItemGroup>
    <Text Include="ReadMe.txt" />
  </ItemGroup>
  <ItemGroup>
    <ClCompile Include="..\live555\AC3AudioFileServerMediaSubsession.cpp">
      <Filter>Source Files\live555</Filter>
    </ClCompile>
    <ClCompile Include="..\live555\AC3AudioRTPSink.cpp">
      <Filter>Source Files\live555</Filter>
    </ClCompile>
    <ClCompile Include="..\live555\AC3AudioRTPSource.cpp">
      <Filter>Source Files\live555</Filter>
    </ClCompile>
    <ClCompile Include="..\live555\AC3AudioStreamFramer.cpp">
      <Filter>Source Files\live555</Filter>
    </ClCompile>
    <ClCompile Include="..\live555\ADTSAudioFileServerMediaSubsession.cpp">
      <Filter>Source Files\live555</Filter>
    </ClCompile>
    <ClCompile Include="..\live555\ADTSAudioFileSource.cpp">
      <Filter>Source Files\live555</Filter>
    </ClCompile>
    <ClCompile Include="..\live555\AMRAudioFileServerMediaSubsession.cpp">
      <Filter>Source Files\live555</Filter>
    </ClCompile>
    <ClCompile Include="..\live555\AMRAudioFileSink.cpp">
      <Filter>Source Files\live555</Filter>
    </ClCompile>
    <ClCompile Include="..\live555\AMRAudioFileSource.cpp">
      <Filter>Source Files\live555</Filter>
    </ClCompile>
    <ClCompile Include="..\live555\AMRAudioRTPSink.cpp">
      <Filter>Source Files\live555</Filter>
    </ClCompile>
    <ClCompile Include="..\live555\AMRAudioRTPSource.cpp">
      <Filter>Source Files\live555</Filter>
    </ClCompile>
    <ClCompile Include="..\live555\AMRAudioSource.cpp">
      <Filter>Source Files\live555</Filter>
    </ClCompile>
    <ClCompile Include="..\live555\AudioInputDevice.cpp">
      <Filter>Source Files\live555</Filter>
    </ClCompile>
    <ClCompile Include="..\live555\AudioRTPSink.cpp">
      <Filter>Source Files\live555</Filter>
    </ClCompile>
    <ClCompile Include="..\live555\AVIFileSink.cpp">
      <Filter>Source Files\live555</Filter>
    </ClCompile>
    <ClCompile Include="..\live555\Base64.cpp">
      <Filter>Source Files\live555</Filter>
    </ClCompile>
    <ClCompile Include="..\live555\BasicHashTable.cpp">
      <Filter>Source Files\live555</Filter>
    </ClCompile>
    <ClCompile Include="..\live555\BasicTaskScheduler.cpp">
      <Filter>Source Files\live555</Filter>
    </ClCompile>
    <ClCompile Include="..\live555\BasicTaskScheduler0.cpp">
      <Filter>Source Files\live555</Filter>
    </ClCompile>
    <ClCompile Include="..\live555\BasicUDPSink.cpp">
      <Filter>Source Files\live555</Filter>
    </ClCompile>
    <ClCompile Include="..\live555\BasicUDPSource.cpp">
      <Filter>Source Files\live555</Filter>
    </ClCompile>
    <ClCompile Include="..\live555\BasicUsageEnvironment.cpp">
      <Filter>Source Files\live555</Filter>
    </ClCompile>
    <ClCompile Include="..\live555\BasicUsageEnvironment0.cpp">
      <Filter>Source Files\live555</Filter>
    </ClCompile>
    <ClCompile Include="..\live555\BitVector.cpp">
      <Filter>Source Files\live555</Filter>
    </ClCompile>
    <ClCompile Include="..\live555\ByteStreamFileSource.cpp">
      <Filter>Source Files\live555</Filter>
    </ClCompile>
    <ClCompile Include="..\live555\ByteStreamMemoryBufferSource.cpp">
      <Filter>Source Files\live555</Filter>
    </ClCompile>
    <ClCompile Include="..\live555\ByteStreamMultiFileSource.cpp">
      <Filter>Source Files\live555</Filter>
    </ClCompile>
    <ClCompile Include="..\live555\DelayQueue.cpp">
      <Filter>Source Files\live555</Filter>
    </ClCompile>
    <ClCompile Include="..\live555\DeviceSource.cpp">
      <Filter>Source Files\live555</Filter>
    </ClCompile>
    <ClCompile Include="..\live555\DigestAuthentication.cpp">
      <Filter>Source Files\live555</Filter>
    </ClCompile>
    <ClCompile Include="..\live555\DVVideoFileServerMediaSubsession.cpp">
      <Filter>Source Files\live555</Filter>
    </ClCompile>
    <ClCompile Include="..\live555\DVVideoRTPSink.cpp">
      <Filter>Source Files\live555</Filter>
    </ClCompile>
    <ClCompile Include="..\live555\DVVideoRTPSource.cpp">
      <Filter>Source Files\live555</Filter>
    </ClCompile>
    <ClCompile Include="..\live555\DVVideoStreamFramer.cpp">
      <Filter>Source Files\live555</Filter>
    </ClCompile>
    <ClCompile Include="..\live555\EBMLNumber.cpp">
      <Filter>Source Files\live555</Filter>
    </ClCompile>
    <ClCompile Include="..\live555\FileServerMediaSubsession.cpp">
      <Filter>Source Files\live555</Filter>
    </ClCompile>
    <ClCompile Include="..\live555\FileSink.cpp">
      <Filter>Source Files\live555</Filter>
    </ClCompile>
    <ClCompile Include="..\live555\FramedFileSource.cpp">
      <Filter>Source Files\live555</Filter>
    </ClCompile>
    <ClCompile Include="..\live555\FramedFilter.cpp">
      <Filter>Source Files\live555</Filter>
    </ClCompile>
    <ClCompile Include="..\live555\FramedSource.cpp">
      <Filter>Source Files\live555</Filter>
    </ClCompile>
    <ClCompile Include="..\live555\GenericMediaServer.cpp">
      <Filter>Source Files\live555</Filter>
    </ClCompile>
    <ClCompile Include="..\live555\GroupEId.cpp">
      <Filter>Source Files\live555</Filter>
    </ClCompile>
    <ClCompile Include="..\live555\Groupsock.cpp">
      <Filter>Source Files\live555</Filter>
    </ClCompile>
    <ClCompile Include="..\live555\GroupsockHelper.cpp">
      <Filter>Source Files\live555</Filter>
    </ClCompile>
    <ClCompile Include="..\live555\GSMAudioRTPSink.cpp">
      <Filter>Source Files\live555</Filter>
    </ClCompile>
    <ClCompile Include="..\live555\H261VideoRTPSource.cpp">
      <Filter>Source Files\live555</Filter>
    </ClCompile>
    <ClCompile Include="..\live555\H263plusVideoFileServerMediaSubsession.cpp">
      <Filter>Source Files\live555</Filter>
    </ClCompile>
    <ClCompile Include="..\live555\H263plusVideoRTPSink.cpp">
      <Filter>Source Files\live555</Filter>
    </ClCompile>
    <ClCompile Include="..\live555\H263plusVideoRTPSource.cpp">
      <Filter>Source Files\live555</Filter>
    </ClCompile>
    <ClCompile Include="..\live555\H263plusVideoStreamFramer.cpp">
      <Filter>Source Files\live555</Filter>
    </ClCompile>
    <ClCompile Include="..\live555\H263plusVideoStreamParser.cpp">
      <Filter>Source Files\live555</Filter>
    </ClCompile>
    <ClCompile Include="..\live555\H264or5VideoFileSink.cpp">
      <Filter>Source Files\live555</Filter>
    </ClCompile>
    <ClCompile Include="..\live555\H264or5VideoRTPSink.cpp">
      <Filter>Source Files\live555</Filter>
    </ClCompile>
    <ClCompile Include="..\live555\H264or5VideoStreamDiscreteFramer.cpp">
      <Filter>Source Files\live555</Filter>
    </ClCompile>
    <ClCompile Include="..\live555\H264or5VideoStreamFramer.cpp">
      <Filter>Source Files\live555</Filter>
    </ClCompile>
    <ClCompile Include="..\live555\H264VideoFileServerMediaSubsession.cpp">
      <Filter>Source Files\live555</Filter>
    </ClCompile>
    <ClCompile Include="..\live555\H264VideoFileSink.cpp">
      <Filter>Source Files\live555</Filter>
    </ClCompile>
    <ClCompile Include="..\live555\H264VideoRTPSink.cpp">
      <Filter>Source Files\live555</Filter>
    </ClCompile>
    <ClCompile Include="..\live555\H264VideoRTPSource.cpp">
      <Filter>Source Files\live555</Filter>
    </ClCompile>
    <ClCompile Include="..\live555\H264VideoStreamDiscreteFramer.cpp">
      <Filter>Source Files\live555</Filter>
    </ClCompile>
    <ClCompile Include="..\live555\H264VideoStreamFramer.cpp">
      <Filter>Source Files\live555</Filter>
    </ClCompile>
    <ClCompile Include="..\live555\H265VideoFileServerMediaSubsession.cpp">
      <Filter>Source Files\live555</Filter>
    </ClCompile>
    <ClCompile Include="..\live555\H265VideoFileSink.cpp">
      <Filter>Source Files\live555</Filter>
    </ClCompile>
    <ClCompile Include="..\live555\H265VideoRTPSink.cpp">
      <Filter>Source Files\live555</Filter>
    </ClCompile>
    <ClCompile Include="..\live555\H265VideoRTPSource.cpp">
      <Filter>Source Files\live555</Filter>
    </ClCompile>
    <ClCompile Include="..\live555\H265VideoStreamDiscreteFramer.cpp">
      <Filter>Source Files\live555</Filter>
    </ClCompile>
    <ClCompile Include="..\live555\H265VideoStreamFramer.cpp">
      <Filter>Source Files\live555</Filter>
    </ClCompile>
    <ClCompile Include="..\live555\HashTable.cpp">
      <Filter>Source Files\live555</Filter>
    </ClCompile>
    <ClCompile Include="..\live555\inet.c">
      <Filter>Source Files\live555</Filter>
    </ClCompile>
    <ClCompile Include="..\live555\InputFile.cpp">
      <Filter>Source Files\live555</Filter>
    </ClCompile>
    <ClCompile Include="..\live555\IOHandlers.cpp">
      <Filter>Source Files\live555</Filter>
    </ClCompile>
    <ClCompile Include="..\live555\JPEGVideoRTPSink.cpp">
      <Filter>Source Files\live555</Filter>
    </ClCompile>
    <ClCompile Include="..\live555\JPEGVideoRTPSource.cpp">
      <Filter>Source Files\live555</Filter>
    </ClCompile>
    <ClCompile Include="..\live555\JPEGVideoSource.cpp">
      <Filter>Source Files\live555</Filter>
    </ClCompile>
    <ClCompile Include="..\live555\Locale.cpp">
      <Filter>Source Files\live555</Filter>
    </ClCompile>
    <ClCompile Include="..\live555\MatroskaDemuxedTrack.cpp">
      <Filter>Source Files\live555</Filter>
    </ClCompile>
    <ClCompile Include="..\live555\MatroskaFile.cpp">
      <Filter>Source Files\live555</Filter>
    </ClCompile>
    <ClCompile Include="..\live555\MatroskaFileParser.cpp">
      <Filter>Source Files\live555</Filter>
    </ClCompile>
    <ClCompile Include="..\live555\MatroskaFileServerDemux.cpp">
      <Filter>Source Files\live555</Filter>
    </ClCompile>
    <ClCompile Include="..\live555\MatroskaFileServerMediaSubsession.cpp">
      <Filter>Source Files\live555</Filter>
    </ClCompile>
    <ClCompile Include="..\live555\Media.cpp">
      <Filter>Source Files\live555</Filter>
    </ClCompile>
    <ClCompile Include="..\live555\MediaSession.cpp">
      <Filter>Source Files\live555</Filter>
    </ClCompile>
    <ClCompile Include="..\live555\MediaSink.cpp">
      <Filter>Source Files\live555</Filter>
    </ClCompile>
    <ClCompile Include="..\live555\MediaSource.cpp">
      <Filter>Source Files\live555</Filter>
    </ClCompile>
    <ClCompile Include="..\live555\MP3ADU.cpp">
      <Filter>Source Files\live555</Filter>
    </ClCompile>
    <ClCompile Include="..\live555\MP3ADUdescriptor.cpp">
      <Filter>Source Files\live555</Filter>
    </ClCompile>
    <ClCompile Include="..\live555\MP3ADUinterleaving.cpp">
      <Filter>Source Files\live555</Filter>
    </ClCompile>
    <ClCompile Include="..\live555\MP3ADURTPSink.cpp">
      <Filter>Source Files\live555</Filter>
    </ClCompile>
    <ClCompile Include="..\live555\MP3ADURTPSource.cpp">
      <Filter>Source Files\live555</Filter>
    </ClCompile>
    <ClCompile Include="..\live555\MP3ADUTranscoder.cpp">
      <Filter>Source Files\live555</Filter>
    </ClCompile>
    <ClCompile Include="..\live555\MP3AudioFileServerMediaSubsession.cpp">
      <Filter>Source Files\live555</Filter>
    </ClCompile>
    <ClCompile Include="..\live555\MP3AudioMatroskaFileServerMediaSubsession.cpp">
      <Filter>Source Files\live555</Filter>
    </ClCompile>
    <ClCompile Include="..\live555\MP3FileSource.cpp">
      <Filter>Source Files\live555</Filter>
    </ClCompile>
    <ClCompile Include="..\live555\MP3Internals.cpp">
      <Filter>Source Files\live555</Filter>
    </ClCompile>
    <ClCompile Include="..\live555\MP3InternalsHuffman.cpp">
      <Filter>Source Files\live555</Filter>
    </ClCompile>
    <ClCompile Include="..\live555\MP3InternalsHuffmanTable.cpp">
      <Filter>Source Files\live555</Filter>
    </ClCompile>
    <ClCompile Include="..\live555\MP3StreamState.cpp">
      <Filter>Source Files\live555</Filter>
    </ClCompile>
    <ClCompile Include="..\live555\MP3Transcoder.cpp">
      <Filter>Source Files\live555</Filter>
    </ClCompile>
    <ClCompile Include="..\live555\MPEG1or2AudioRTPSink.cpp">
      <Filter>Source Files\live555</Filter>
    </ClCompile>
    <ClCompile Include="..\live555\MPEG1or2AudioRTPSource.cpp">
      <Filter>Source Files\live555</Filter>
    </ClCompile>
    <ClCompile Include="..\live555\MPEG1or2AudioStreamFramer.cpp">
      <Filter>Source Files\live555</Filter>
    </ClCompile>
    <ClCompile Include="..\live555\MPEG1or2Demux.cpp">
      <Filter>Source Files\live555</Filter>
    </ClCompile>
    <ClCompile Include="..\live555\MPEG1or2DemuxedElementaryStream.cpp">
      <Filter>Source Files\live555</Filter>
    </ClCompile>
    <ClCompile Include="..\live555\MPEG1or2DemuxedServerMediaSubsession.cpp">
      <Filter>Source Files\live555</Filter>
    </ClCompile>
    <ClCompile Include="..\live555\MPEG1or2FileServerDemux.cpp">
      <Filter>Source Files\live555</Filter>
    </ClCompile>
    <ClCompile Include="..\live555\MPEG1or2VideoFileServerMediaSubsession.cpp">
      <Filter>Source Files\live555</Filter>
    </ClCompile>
    <ClCompile Include="..\live555\MPEG1or2VideoRTPSink.cpp">
      <Filter>Source Files\live555</Filter>
    </ClCompile>
    <ClCompile Include="..\live555\MPEG1or2VideoRTPSource.cpp">
      <Filter>Source Files\live555</Filter>
    </ClCompile>
    <ClCompile Include="..\live555\MPEG1or2VideoStreamDiscreteFramer.cpp">
      <Filter>Source Files\live555</Filter>
    </ClCompile>
    <ClCompile Include="..\live555\MPEG1or2VideoStreamFramer.cpp">
      <Filter>Source Files\live555</Filter>
    </ClCompile>
    <ClCompile Include="..\live555\MPEG2IndexFromTransportStream.cpp">
      <Filter>Source Files\live555</Filter>
    </ClCompile>
    <ClCompile Include="..\live555\MPEG2TransportFileServerMediaSubsession.cpp">
      <Filter>Source Files\live555</Filter>
    </ClCompile>
    <ClCompile Include="..\live555\MPEG2TransportStreamFramer.cpp">
      <Filter>Source Files\live555</Filter>
    </ClCompile>
    <ClCompile Include="..\live555\MPEG2TransportStreamFromESSource.cpp">
      <Filter>Source Files\live555</Filter>
    </ClCompile>
    <ClCompile Include="..\live555\MPEG2TransportStreamFromPESSource.cpp">
      <Filter>Source Files\live555</Filter>
    </ClCompile>
    <ClCompile Include="..\live555\MPEG2TransportStreamIndexFile.cpp">
      <Filter>Source Files\live555</Filter>
    </ClCompile>
    <ClCompile Include="..\live555\MPEG2TransportStreamMultiplexor.cpp">
      <Filter>Source Files\live555</Filter>
    </ClCompile>
    <ClCompile Include="..\live555\MPEG2TransportStreamTrickModeFilter.cpp">
      <Filter>Source Files\live555</Filter>
    </ClCompile>
    <ClCompile Include="..\live555\MPEG2TransportUDPServerMediaSubsession.cpp">
      <Filter>Source Files\live555</Filter>
    </ClCompile>
    <ClCompile Include="..\live555\MPEG4ESVideoRTPSink.cpp">
      <Filter>Source Files\live555</Filter>
    </ClCompile>
    <ClCompile Include="..\live555\MPEG4ESVideoRTPSource.cpp">
      <Filter>Source Files\live555</Filter>
    </ClCompile>
    <ClCompile Include="..\live555\MPEG4GenericRTPSink.cpp">
      <Filter>Source Files\live555</Filter>
    </ClCompile>
    <ClCompile Include="..\live555\MPEG4GenericRTPSource.cpp">
      <Filter>Source Files\live555</Filter>
    </ClCompile>
    <ClCompile Include="..\live555\MPEG4LATMAudioRTPSink.cpp">
      <Filter>Source Files\live555</Filter>
    </ClCompile>
    <ClCompile Include="..\live555\MPEG4LATMAudioRTPSource.cpp">
      <Filter>Source Files\live555</Filter>
    </ClCompile>
    <ClCompile Include="..\live555\MPEG4VideoFileServerMediaSubsession.cpp">
      <Filter>Source Files\live555</Filter>
    </ClCompile>
    <ClCompile Include="..\live555\MPEG4VideoStreamDiscreteFramer.cpp">
      <Filter>Source Files\live555</Filter>
    </ClCompile>
    <ClCompile Include="..\live555\MPEG4VideoStreamFramer.cpp">
      <Filter>Source Files\live555</Filter>
    </ClCompile>
    <ClCompile Include="..\live555\MPEGVideoStreamFramer.cpp">
      <Filter>Source Files\live555</Filter>
    </ClCompile>
    <ClCompile Include="..\live555\MPEGVideoStreamParser.cpp">
      <Filter>Source Files\live555</Filter>
    </ClCompile>
    <ClCompile Include="..\live555\MultiFramedRTPSink.cpp">
      <Filter>Source Files\live555</Filter>
    </ClCompile>
    <ClCompile Include="..\live555\MultiFramedRTPSource.cpp">
      <Filter>Source Files\live555</Filter>
    </ClCompile>
    <ClCompile Include="..\live555\NetAddress.cpp">
      <Filter>Source Files\live555</Filter>
    </ClCompile>
    <ClCompile Include="..\live555\NetInterface.cpp">
      <Filter>Source Files\live555</Filter>
    </ClCompile>
    <ClCompile Include="..\live555\OggDemuxedTrack.cpp">
      <Filter>Source Files\live555</Filter>
    </ClCompile>
    <ClCompile Include="..\live555\OggFile.cpp">
      <Filter>Source Files\live555</Filter>
    </ClCompile>
    <ClCompile Include="..\live555\OggFileParser.cpp">
      <Filter>Source Files\live555</Filter>
    </ClCompile>
    <ClCompile Include="..\live555\OggFileServerDemux.cpp">
      <Filter>Source Files\live555</Filter>
    </ClCompile>
    <ClCompile Include="..\live555\OggFileServerMediaSubsession.cpp">
      <Filter>Source Files\live555</Filter>
    </ClCompile>
    <ClCompile Include="..\live555\OggFileSink.cpp">
      <Filter>Source Files\live555</Filter>
    </ClCompile>
    <ClCompile Include="..\live555\OnDemandServerMediaSubsession.cpp">
      <Filter>Source Files\live555</Filter>
    </ClCompile>
    <ClCompile Include="..\live555\ourMD5.cpp">
      <Filter>Source Files\live555</Filter>
    </ClCompile>
    <ClCompile Include="..\live555\OutputFile.cpp">
      <Filter>Source Files\live555</Filter>
    </ClCompile>
    <ClCompile Include="..\live555\PassiveServerMediaSubsession.cpp">
      <Filter>Source Files\live555</Filter>
    </ClCompile>
    <ClCompile Include="..\live555\ProxyServerMediaSession.cpp">
      <Filter>Source Files\live555</Filter>
    </ClCompile>
    <ClCompile Include="..\live555\QCELPAudioRTPSource.cpp">
      <Filter>Source Files\live555</Filter>
    </ClCompile>
    <ClCompile Include="..\live555\QuickTimeFileSink.cpp">
      <Filter>Source Files\live555</Filter>
    </ClCompile>
    <ClCompile Include="..\live555\QuickTimeGenericRTPSource.cpp">
      <Filter>Source Files\live555</Filter>
    </ClCompile>
    <ClCompile Include="..\live555\RTCP.cpp">
      <Filter>Source Files\live555</Filter>
    </ClCompile>
    <ClCompile Include="..\live555\rtcp_from_spec.c">
      <Filter>Source Files\live555</Filter>
    </ClCompile>
    <ClCompile Include="..\live555\RTPInterface.cpp">
      <Filter>Source Files\live555</Filter>
    </ClCompile>
    <ClCompile Include="..\live555\RTPSink.cpp">
      <Filter>Source Files\live555</Filter>
    </ClCompile>
    <ClCompile Include="..\live555\RTPSource.cpp">
      <Filter>Source Files\live555</Filter>
    </ClCompile>
    <ClCompile Include="..\live555\RTSPClient.cpp">
      <Filter>Source Files\live555</Filter>
    </ClCompile>
    <ClCompile Include="..\live555\RTSPCommon.cpp">
      <Filter>Source Files\live555</Filter>
    </ClCompile>
    <ClCompile Include="..\live555\RTSPRegisterSender.cpp">
      <Filter>Source Files\live555</Filter>
    </ClCompile>
    <ClCompile Include="..\live555\RTSPServer.cpp">
      <Filter>Source Files\live555</Filter>
    </ClCompile>
    <ClCompile Include="..\live555\RTSPServerSupportingHTTPStreaming.cpp">
      <Filter>Source Files\live555</Filter>
    </ClCompile>
    <ClCompile Include="..\live555\ServerMediaSession.cpp">
      <Filter>Source Files\live555</Filter>
    </ClCompile>
    <ClCompile Include="..\live555\SimpleRTPSink.cpp">
      <Filter>Source Files\live555</Filter>
    </ClCompile>
    <ClCompile Include="..\live555\SimpleRTPSource.cpp">
      <Filter>Source Files\live555</Filter>
    </ClCompile>
    <ClCompile Include="..\live555\SIPClient.cpp">
      <Filter>Source Files\live555</Filter>
    </ClCompile>
    <ClCompile Include="..\live555\strDup.cpp">
      <Filter>Source Files\live555</Filter>
    </ClCompile>
    <ClCompile Include="..\live555\StreamParser.cpp">
      <Filter>Source Files\live555</Filter>
    </ClCompile>
    <ClCompile Include="..\live555\StreamReplicator.cpp">
      <Filter>Source Files\live555</Filter>
    </ClCompile>
    <ClCompile Include="..\live555\T140TextRTPSink.cpp">
      <Filter>Source Files\live555</Filter>
    </ClCompile>
    <ClCompile Include="..\live555\TCPStreamSink.cpp">
      <Filter>Source Files\live555</Filter>
    </ClCompile>
    <ClCompile Include="..\live555\TextRTPSink.cpp">
      <Filter>Source Files\live555</Filter>
    </ClCompile>
    <ClCompile Include="..\live555\TheoraVideoRTPSink.cpp">
      <Filter>Source Files\live555</Filter>
    </ClCompile>
    <ClCompile Include="..\live555\TheoraVideoRTPSource.cpp">
      <Filter>Source Files\live555</Filter>
    </ClCompile>
    <ClCompile Include="..\live555\uLawAudioFilter.cpp">
      <Filter>Source Files\live555</Filter>
    </ClCompile>
    <ClCompile Include="..\live555\UsageEnvironment.cpp">
      <Filter>Source Files\live555</Filter>
    </ClCompile>
    <ClCompile Include="..\live555\VideoRTPSink.cpp">
      <Filter>Source Files\live555</Filter>
    </ClCompile>
    <ClCompile Include="..\live555\VorbisAudioRTPSink.cpp">
      <Filter>Source Files\live555</Filter>
    </ClCompile>
    <ClCompile Include="..\live555\VorbisAudioRTPSource.cpp">
      <Filter>Source Files\live555</Filter>
    </ClCompile>
    <ClCompile Include="..\live555\VP8VideoRTPSink.cpp">
      <Filter>Source Files\live555</Filter>
    </ClCompile>
    <ClCompile Include="..\live555\VP8VideoRTPSource.cpp">
      <Filter>Source Files\live555</Filter>
    </ClCompile>
    <ClCompile Include="..\live555\VP9VideoRTPSink.cpp">
      <Filter>Source Files\live555</Filter>
    </ClCompile>
    <ClCompile Include="..\live555\VP9VideoRTPSource.cpp">
      <Filter>Source Files\live555</Filter>
    </ClCompile>
    <ClCompile Include="..\live555\WAVAudioFileServerMediaSubsession.cpp">
      <Filter>Source Files\live555</Filter>
    </ClCompile>
    <ClCompile Include="..\live555\WAVAudioFileSource.cpp">
      <Filter>Source Files\live555</Filter>
    </ClCompile>
    <ClCompile Include="..\src\testSrslibrtmp.cpp">
      <Filter>Source Files</Filter>
    </ClCompile>
    <ClCompile Include="..\src\srs_librtmp.cpp">
      <Filter>Source Files</Filter>
    </ClCompile>
    <ClCompile Include="..\src\getopt.c">
      <Filter>Source Files</Filter>
    </ClCompile>
    <ClCompile Include="..\src\cJSON.c">
      <Filter>Source Files</Filter>
    </ClCompile>
  </ItemGroup>
  <ItemGroup>
    <ClInclude Include="..\live555\AC3AudioFileServerMediaSubsession.hh">
      <Filter>Header Files\live555</Filter>
    </ClInclude>
    <ClInclude Include="..\live555\AC3AudioRTPSink.hh">
      <Filter>Header Files\live555</Filter>
    </ClInclude>
    <ClInclude Include="..\live555\AC3AudioRTPSource.hh">
      <Filter>Header Files\live555</Filter>
    </ClInclude>
    <ClInclude Include="..\live555\AC3AudioStreamFramer.hh">
      <Filter>Header Files\live555</Filter>
    </ClInclude>
    <ClInclude Include="..\live555\ADTSAudioFileServerMediaSubsession.hh">
      <Filter>Header Files\live555</Filter>
    </ClInclude>
    <ClInclude Include="..\live555\ADTSAudioFileSource.hh">
      <Filter>Header Files\live555</Filter>
    </ClInclude>
    <ClInclude Include="..\live555\AMRAudioFileServerMediaSubsession.hh">
      <Filter>Header Files\live555</Filter>
    </ClInclude>
    <ClInclude Include="..\live555\AMRAudioFileSink.hh">
      <Filter>Header Files\live555</Filter>
    </ClInclude>
    <ClInclude Include="..\live555\AMRAudioFileSource.hh">
      <Filter>Header Files\live555</Filter>
    </ClInclude>
    <ClInclude Include="..\live555\AMRAudioRTPSink.hh">
      <Filter>Header Files\live555</Filter>
    </ClInclude>
    <ClInclude Include="..\live555\AMRAudioRTPSource.hh">
      <Filter>Header Files\live555</Filter>
    </ClInclude>
    <ClInclude Include="..\live555\AMRAudioSource.hh">
      <Filter>Header Files\live555</Filter>
    </ClInclude>
    <ClInclude Include="..\live555\AudioInputDevice.hh">
      <Filter>Header Files\live555</Filter>
    </ClInclude>
    <ClInclude Include="..\live555\AudioRTPSink.hh">
      <Filter>Header Files\live555</Filter>
    </ClInclude>
    <ClInclude Include="..\live555\AVIFileSink.hh">
      <Filter>Header Files\live555</Filter>
    </ClInclude>
    <ClInclude Include="..\live555\Base64.hh">
      <Filter>Header Files\live555</Filter>
    </ClInclude>
    <ClInclude Include="..\live555\BasicHashTable.hh">
      <Filter>Header Files\live555</Filter>
    </ClInclude>
    <ClInclude Include="..\live555\BasicUDPSink.hh">
      <Filter>Header Files\live555</Filter>
    </ClInclude>
    <ClInclude Include="..\live555\BasicUDPSource.hh">
      <Filter>Header Files\live555</Filter>
    </ClInclude>
    <ClInclude Include="..\live555\BasicUsageEnvironment.hh">
      <Filter>Header Files\live555</Filter>
    </ClInclude>
    <ClInclude Include="..\live555\BasicUsageEnvironment_version.hh">
      <Filter>Header Files\live555</Filter>
    </ClInclude>
    <ClInclude Include="..\live555\BasicUsageEnvironment0.hh">
      <Filter>Header Files\live555</Filter>
    </ClInclude>
    <ClInclude Include="..\live555\BitVector.hh">
      <Filter>Header Files\live555</Filter>
    </ClInclude>
    <ClInclude Include="..\live555\Boolean.hh">
      <Filter>Header Files\live555</Filter>
    </ClInclude>
    <ClInclude Include="..\live555\ByteStreamFileSource.hh">
      <Filter>Header Files\live555</Filter>
    </ClInclude>
    <ClInclude Include="..\live555\ByteStreamMemoryBufferSource.hh">
      <Filter>Header Files\live555</Filter>
    </ClInclude>
    <ClInclude Include="..\live555\ByteStreamMultiFileSource.hh">
      <Filter>Header Files\live555</Filter>
    </ClInclude>
    <ClInclude Include="..\live555\DelayQueue.hh">
      <Filter>Header Files\live555</Filter>
    </ClInclude>
    <ClInclude Include="..\live555\DeviceSource.hh">
      <Filter>Header Files\live555</Filter>
    </ClInclude>
    <ClInclude Include="..\live555\DigestAuthentication.hh">
      <Filter>Header Files\live555</Filter>
    </ClInclude>
    <ClInclude Include="..\live555\DVVideoFileServerMediaSubsession.hh">
      <Filter>Header Files\live555</Filter>
    </ClInclude>
    <ClInclude Include="..\live555\DVVideoRTPSink.hh">
      <Filter>Header Files\live555</Filter>
    </ClInclude>
    <ClInclude Include="..\live555\DVVideoRTPSource.hh">
      <Filter>Header Files\live555</Filter>
    </ClInclude>
    <ClInclude Include="..\live555\DVVideoStreamFramer.hh">
      <Filter>Header Files\live555</Filter>
    </ClInclude>
    <ClInclude Include="..\live555\EBMLNumber.hh">
      <Filter>Header Files\live555</Filter>
    </ClInclude>
    <ClInclude Include="..\live555\FileServerMediaSubsession.hh">
      <Filter>Header Files\live555</Filter>
    </ClInclude>
    <ClInclude Include="..\live555\FileSink.hh">
      <Filter>Header Files\live555</Filter>
    </ClInclude>
    <ClInclude Include="..\live555\FramedFileSource.hh">
      <Filter>Header Files\live555</Filter>
    </ClInclude>
    <ClInclude Include="..\live555\FramedFilter.hh">
      <Filter>Header Files\live555</Filter>
    </ClInclude>
    <ClInclude Include="..\live555\FramedSource.hh">
      <Filter>Header Files\live555</Filter>
    </ClInclude>
    <ClInclude Include="..\live555\GenericMediaServer.hh">
      <Filter>Header Files\live555</Filter>
    </ClInclude>
    <ClInclude Include="..\live555\GroupEId.hh">
      <Filter>Header Files\live555</Filter>
    </ClInclude>
    <ClInclude Include="..\live555\Groupsock.hh">
      <Filter>Header Files\live555</Filter>
    </ClInclude>
    <ClInclude Include="..\live555\groupsock_version.hh">
      <Filter>Header Files\live555</Filter>
    </ClInclude>
    <ClInclude Include="..\live555\GroupsockHelper.hh">
      <Filter>Header Files\live555</Filter>
    </ClInclude>
    <ClInclude Include="..\live555\GSMAudioRTPSink.hh">
      <Filter>Header Files\live555</Filter>
    </ClInclude>
    <ClInclude Include="..\live555\H261VideoRTPSource.hh">
      <Filter>Header Files\live555</Filter>
    </ClInclude>
    <ClInclude Include="..\live555\H263plusVideoFileServerMediaSubsession.hh">
      <Filter>Header Files\live555</Filter>
    </ClInclude>
    <ClInclude Include="..\live555\H263plusVideoRTPSink.hh">
      <Filter>Header Files\live555</Filter>
    </ClInclude>
    <ClInclude Include="..\live555\H263plusVideoRTPSource.hh">
      <Filter>Header Files\live555</Filter>
    </ClInclude>
    <ClInclude Include="..\live555\H263plusVideoStreamFramer.hh">
      <Filter>Header Files\live555</Filter>
    </ClInclude>
    <ClInclude Include="..\live555\H263plusVideoStreamParser.hh">
      <Filter>Header Files\live555</Filter>
    </ClInclude>
    <ClInclude Include="..\live555\H264or5VideoFileSink.hh">
      <Filter>Header Files\live555</Filter>
    </ClInclude>
    <ClInclude Include="..\live555\H264or5VideoRTPSink.hh">
      <Filter>Header Files\live555</Filter>
    </ClInclude>
    <ClInclude Include="..\live555\H264or5VideoStreamDiscreteFramer.hh">
      <Filter>Header Files\live555</Filter>
    </ClInclude>
    <ClInclude Include="..\live555\H264or5VideoStreamFramer.hh">
      <Filter>Header Files\live555</Filter>
    </ClInclude>
    <ClInclude Include="..\live555\H264VideoFileServerMediaSubsession.hh">
      <Filter>Header Files\live555</Filter>
    </ClInclude>
    <ClInclude Include="..\live555\H264VideoFileSink.hh">
      <Filter>Header Files\live555</Filter>
    </ClInclude>
    <ClInclude Include="..\live555\H264VideoRTPSink.hh">
      <Filter>Header Files\live555</Filter>
    </ClInclude>
    <ClInclude Include="..\live555\H264VideoRTPSource.hh">
      <Filter>Header Files\live555</Filter>
    </ClInclude>
    <ClInclude Include="..\live555\H264VideoStreamDiscreteFramer.hh">
      <Filter>Header Files\live555</Filter>
    </ClInclude>
    <ClInclude Include="..\live555\H264VideoStreamFramer.hh">
      <Filter>Header Files\live555</Filter>
    </ClInclude>
    <ClInclude Include="..\live555\H265VideoFileServerMediaSubsession.hh">
      <Filter>Header Files\live555</Filter>
    </ClInclude>
    <ClInclude Include="..\live555\H265VideoFileSink.hh">
      <Filter>Header Files\live555</Filter>
    </ClInclude>
    <ClInclude Include="..\live555\H265VideoRTPSink.hh">
      <Filter>Header Files\live555</Filter>
    </ClInclude>
    <ClInclude Include="..\live555\H265VideoRTPSource.hh">
      <Filter>Header Files\live555</Filter>
    </ClInclude>
    <ClInclude Include="..\live555\H265VideoStreamDiscreteFramer.hh">
      <Filter>Header Files\live555</Filter>
    </ClInclude>
    <ClInclude Include="..\live555\H265VideoStreamFramer.hh">
      <Filter>Header Files\live555</Filter>
    </ClInclude>
    <ClInclude Include="..\live555\HandlerSet.hh">
      <Filter>Header Files\live555</Filter>
    </ClInclude>
    <ClInclude Include="..\live555\HashTable.hh">
      <Filter>Header Files\live555</Filter>
    </ClInclude>
    <ClInclude Include="..\live555\InputFile.hh">
      <Filter>Header Files\live555</Filter>
    </ClInclude>
    <ClInclude Include="..\live555\IOHandlers.hh">
      <Filter>Header Files\live555</Filter>
    </ClInclude>
    <ClInclude Include="..\live555\JPEGVideoRTPSink.hh">
      <Filter>Header Files\live555</Filter>
    </ClInclude>
    <ClInclude Include="..\live555\JPEGVideoRTPSource.hh">
      <Filter>Header Files\live555</Filter>
    </ClInclude>
    <ClInclude Include="..\live555\JPEGVideoSource.hh">
      <Filter>Header Files\live555</Filter>
    </ClInclude>
    <ClInclude Include="..\live555\liveMedia.hh">
      <Filter>Header Files\live555</Filter>
    </ClInclude>
    <ClInclude Include="..\live555\liveMedia_version.hh">
      <Filter>Header Files\live555</Filter>
    </ClInclude>
    <ClInclude Include="..\live555\Locale.hh">
      <Filter>Header Files\live555</Filter>
    </ClInclude>
    <ClInclude Include="..\live555\MatroskaDemuxedTrack.hh">
      <Filter>Header Files\live555</Filter>
    </ClInclude>
    <ClInclude Include="..\live555\MatroskaFile.hh">
      <Filter>Header Files\live555</Filter>
    </ClInclude>
    <ClInclude Include="..\live555\MatroskaFileParser.hh">
      <Filter>Header Files\live555</Filter>
    </ClInclude>
    <ClInclude Include="..\live555\MatroskaFileServerDemux.hh">
      <Filter>Header Files\live555</Filter>
    </ClInclude>
    <ClInclude Include="..\live555\MatroskaFileServerMediaSubsession.hh">
      <Filter>Header Files\live555</Filter>
    </ClInclude>
    <ClInclude Include="..\live555\Media.hh">
      <Filter>Header Files\live555</Filter>
    </ClInclude>
    <ClInclude Include="..\live555\MediaSession.hh">
      <Filter>Header Files\live555</Filter>
    </ClInclude>
    <ClInclude Include="..\live555\MediaSink.hh">
      <Filter>Header Files\live555</Filter>
    </ClInclude>
    <ClInclude Include="..\live555\MediaSource.hh">
      <Filter>Header Files\live555</Filter>
    </ClInclude>
    <ClInclude Include="..\live555\MediaTranscodingTable.hh">
      <Filter>Header Files\live555</Filter>
    </ClInclude>
    <ClInclude Include="..\live555\MP3ADU.hh">
      <Filter>Header Files\live555</Filter>
    </ClInclude>
    <ClInclude Include="..\live555\MP3ADUdescriptor.hh">
      <Filter>Header Files\live555</Filter>
    </ClInclude>
    <ClInclude Include="..\live555\MP3ADUinterleaving.hh">
      <Filter>Header Files\live555</Filter>
    </ClInclude>
    <ClInclude Include="..\live555\MP3ADURTPSink.hh">
      <Filter>Header Files\live555</Filter>
    </ClInclude>
    <ClInclude Include="..\live555\MP3ADURTPSource.hh">
      <Filter>Header Files\live555</Filter>
    </ClInclude>
    <ClInclude Include="..\live555\MP3ADUTranscoder.hh">
      <Filter>Header Files\live555</Filter>
    </ClInclude>
    <ClInclude Include="..\live555\MP3AudioFileServerMediaSubsession.hh">
      <Filter>Header Files\live555</Filter>
    </ClInclude>
    <ClInclude Include="..\live555\MP3AudioMatroskaFileServerMediaSubsession.hh">
      <Filter>Header Files\live555</Filter>
    </ClInclude>
    <ClInclude Include="..\live555\MP3FileSource.hh">
      <Filter>Header Files\live555</Filter>
    </ClInclude>
    <ClInclude Include="..\live555\MP3Internals.hh">
      <Filter>Header Files\live555</Filter>
    </ClInclude>
    <ClInclude Include="..\live555\MP3InternalsHuffman.hh">
      <Filter>Header Files\live555</Filter>
    </ClInclude>
    <ClInclude Include="..\live555\MP3StreamState.hh">
      <Filter>Header Files\live555</Filter>
    </ClInclude>
    <ClInclude Include="..\live555\MP3Transcoder.hh">
      <Filter>Header Files\live555</Filter>
    </ClInclude>
    <ClInclude Include="..\live555\MPEG1or2AudioRTPSink.hh">
      <Filter>Header Files\live555</Filter>
    </ClInclude>
    <ClInclude Include="..\live555\MPEG1or2AudioRTPSource.hh">
      <Filter>Header Files\live555</Filter>
    </ClInclude>
    <ClInclude Include="..\live555\MPEG1or2AudioStreamFramer.hh">
      <Filter>Header Files\live555</Filter>
    </ClInclude>
    <ClInclude Include="..\live555\MPEG1or2Demux.hh">
      <Filter>Header Files\live555</Filter>
    </ClInclude>
    <ClInclude Include="..\live555\MPEG1or2DemuxedElementaryStream.hh">
      <Filter>Header Files\live555</Filter>
    </ClInclude>
    <ClInclude Include="..\live555\MPEG1or2DemuxedServerMediaSubsession.hh">
      <Filter>Header Files\live555</Filter>
    </ClInclude>
    <ClInclude Include="..\live555\MPEG1or2FileServerDemux.hh">
      <Filter>Header Files\live555</Filter>
    </ClInclude>
    <ClInclude Include="..\live555\MPEG1or2VideoFileServerMediaSubsession.hh">
      <Filter>Header Files\live555</Filter>
    </ClInclude>
    <ClInclude Include="..\live555\MPEG1or2VideoRTPSink.hh">
      <Filter>Header Files\live555</Filter>
    </ClInclude>
    <ClInclude Include="..\live555\MPEG1or2VideoRTPSource.hh">
      <Filter>Header Files\live555</Filter>
    </ClInclude>
    <ClInclude Include="..\live555\MPEG1or2VideoStreamDiscreteFramer.hh">
      <Filter>Header Files\live555</Filter>
    </ClInclude>
    <ClInclude Include="..\live555\MPEG1or2VideoStreamFramer.hh">
      <Filter>Header Files\live555</Filter>
    </ClInclude>
    <ClInclude Include="..\live555\MPEG2IndexFromTransportStream.hh">
      <Filter>Header Files\live555</Filter>
    </ClInclude>
    <ClInclude Include="..\live555\MPEG2TransportFileServerMediaSubsession.hh">
      <Filter>Header Files\live555</Filter>
    </ClInclude>
    <ClInclude Include="..\live555\MPEG2TransportStreamFramer.hh">
      <Filter>Header Files\live555</Filter>
    </ClInclude>
    <ClInclude Include="..\live555\MPEG2TransportStreamFromESSource.hh">
      <Filter>Header Files\live555</Filter>
    </ClInclude>
    <ClInclude Include="..\live555\MPEG2TransportStreamFromPESSource.hh">
      <Filter>Header Files\live555</Filter>
    </ClInclude>
    <ClInclude Include="..\live555\MPEG2TransportStreamIndexFile.hh">
      <Filter>Header Files\live555</Filter>
    </ClInclude>
    <ClInclude Include="..\live555\MPEG2TransportStreamMultiplexor.hh">
      <Filter>Header Files\live555</Filter>
    </ClInclude>
    <ClInclude Include="..\live555\MPEG2TransportStreamTrickModeFilter.hh">
      <Filter>Header Files\live555</Filter>
    </ClInclude>
    <ClInclude Include="..\live555\MPEG2TransportUDPServerMediaSubsession.hh">
      <Filter>Header Files\live555</Filter>
    </ClInclude>
    <ClInclude Include="..\live555\MPEG4ESVideoRTPSink.hh">
      <Filter>Header Files\live555</Filter>
    </ClInclude>
    <ClInclude Include="..\live555\MPEG4ESVideoRTPSource.hh">
      <Filter>Header Files\live555</Filter>
    </ClInclude>
    <ClInclude Include="..\live555\MPEG4GenericRTPSink.hh">
      <Filter>Header Files\live555</Filter>
    </ClInclude>
    <ClInclude Include="..\live555\MPEG4GenericRTPSource.hh">
      <Filter>Header Files\live555</Filter>
    </ClInclude>
    <ClInclude Include="..\live555\MPEG4LATMAudioRTPSink.hh">
      <Filter>Header Files\live555</Filter>
    </ClInclude>
    <ClInclude Include="..\live555\MPEG4LATMAudioRTPSource.hh">
      <Filter>Header Files\live555</Filter>
    </ClInclude>
    <ClInclude Include="..\live555\MPEG4VideoFileServerMediaSubsession.hh">
      <Filter>Header Files\live555</Filter>
    </ClInclude>
    <ClInclude Include="..\live555\MPEG4VideoStreamDiscreteFramer.hh">
      <Filter>Header Files\live555</Filter>
    </ClInclude>
    <ClInclude Include="..\live555\MPEG4VideoStreamFramer.hh">
      <Filter>Header Files\live555</Filter>
    </ClInclude>
    <ClInclude Include="..\live555\MPEGVideoStreamFramer.hh">
      <Filter>Header Files\live555</Filter>
    </ClInclude>
    <ClInclude Include="..\live555\MPEGVideoStreamParser.hh">
      <Filter>Header Files\live555</Filter>
    </ClInclude>
    <ClInclude Include="..\live555\MultiFramedRTPSink.hh">
      <Filter>Header Files\live555</Filter>
    </ClInclude>
    <ClInclude Include="..\live555\MultiFramedRTPSource.hh">
      <Filter>Header Files\live555</Filter>
    </ClInclude>
    <ClInclude Include="..\live555\NetAddress.hh">
      <Filter>Header Files\live555</Filter>
    </ClInclude>
    <ClInclude Include="..\live555\NetCommon.h">
      <Filter>Header Files\live555</Filter>
    </ClInclude>
    <ClInclude Include="..\live555\NetInterface.hh">
      <Filter>Header Files\live555</Filter>
    </ClInclude>
    <ClInclude Include="..\live555\OggDemuxedTrack.hh">
      <Filter>Header Files\live555</Filter>
    </ClInclude>
    <ClInclude Include="..\live555\OggFile.hh">
      <Filter>Header Files\live555</Filter>
    </ClInclude>
    <ClInclude Include="..\live555\OggFileParser.hh">
      <Filter>Header Files\live555</Filter>
    </ClInclude>
    <ClInclude Include="..\live555\OggFileServerDemux.hh">
      <Filter>Header Files\live555</Filter>
    </ClInclude>
    <ClInclude Include="..\live555\OggFileServerMediaSubsession.hh">
      <Filter>Header Files\live555</Filter>
    </ClInclude>
    <ClInclude Include="..\live555\OggFileSink.hh">
      <Filter>Header Files\live555</Filter>
    </ClInclude>
    <ClInclude Include="..\live555\OnDemandServerMediaSubsession.hh">
      <Filter>Header Files\live555</Filter>
    </ClInclude>
    <ClInclude Include="..\live555\ourMD5.hh">
      <Filter>Header Files\live555</Filter>
    </ClInclude>
    <ClInclude Include="..\live555\OutputFile.hh">
      <Filter>Header Files\live555</Filter>
    </ClInclude>
    <ClInclude Include="..\live555\PassiveServerMediaSubsession.hh">
      <Filter>Header Files\live555</Filter>
    </ClInclude>
    <ClInclude Include="..\live555\ProxyServerMediaSession.hh">
      <Filter>Header Files\live555</Filter>
    </ClInclude>
    <ClInclude Include="..\live555\QCELPAudioRTPSource.hh">
      <Filter>Header Files\live555</Filter>
    </ClInclude>
    <ClInclude Include="..\live555\QuickTimeFileSink.hh">
      <Filter>Header Files\live555</Filter>
    </ClInclude>
    <ClInclude Include="..\live555\QuickTimeGenericRTPSource.hh">
      <Filter>Header Files\live555</Filter>
    </ClInclude>
    <ClInclude Include="..\live555\RTCP.hh">
      <Filter>Header Files\live555</Filter>
    </ClInclude>
    <ClInclude Include="..\live555\rtcp_from_spec.h">
      <Filter>Header Files\live555</Filter>
    </ClInclude>
    <ClInclude Include="..\live555\RTPInterface.hh">
      <Filter>Header Files\live555</Filter>
    </ClInclude>
    <ClInclude Include="..\live555\RTPSink.hh">
      <Filter>Header Files\live555</Filter>
    </ClInclude>
    <ClInclude Include="..\live555\RTPSource.hh">
      <Filter>Header Files\live555</Filter>
    </ClInclude>
    <ClInclude Include="..\live555\RTSPClient.hh">
      <Filter>Header Files\live555</Filter>
    </ClInclude>
    <ClInclude Include="..\live555\RTSPCommon.hh">
      <Filter>Header Files\live555</Filter>
    </ClInclude>
    <ClInclude Include="..\live555\RTSPRegisterSender.hh">
      <Filter>Header Files\live555</Filter>
    </ClInclude>
    <ClInclude Include="..\live555\RTSPServer.hh">
      <Filter>Header Files\live555</Filter>
    </ClInclude>
    <ClInclude Include="..\live555\RTSPServerSupportingHTTPStreaming.hh">
      <Filter>Header Files\live555</Filter>
    </ClInclude>
    <ClInclude Include="..\live555\ServerMediaSession.hh">
      <Filter>Header Files\live555</Filter>
    </ClInclude>
    <ClInclude Include="..\live555\SimpleRTPSink.hh">
      <Filter>Header Files\live555</Filter>
    </ClInclude>
    <ClInclude Include="..\live555\SimpleRTPSource.hh">
      <Filter>Header Files\live555</Filter>
    </ClInclude>
    <ClInclude Include="..\live555\SIPClient.hh">
      <Filter>Header Files\live555</Filter>
    </ClInclude>
    <ClInclude Include="..\live555\strDup.hh">
      <Filter>Header Files\live555</Filter>
    </ClInclude>
    <ClInclude Include="..\live555\StreamParser.hh">
      <Filter>Header Files\live555</Filter>
    </ClInclude>
    <ClInclude Include="..\live555\StreamReplicator.hh">
      <Filter>Header Files\live555</Filter>
    </ClInclude>
    <ClInclude Include="..\live555\T140TextRTPSink.hh">
      <Filter>Header Files\live555</Filter>
    </ClInclude>
    <ClInclude Include="..\live555\TCPStreamSink.hh">
      <Filter>Header Files\live555</Filter>
    </ClInclude>
    <ClInclude Include="..\live555\TextRTPSink.hh">
      <Filter>Header Files\live555</Filter>
    </ClInclude>
    <ClInclude Include="..\live555\TheoraVideoRTPSink.hh">
      <Filter>Header Files\live555</Filter>
    </ClInclude>
    <ClInclude Include="..\live555\TheoraVideoRTPSource.hh">
      <Filter>Header Files\live555</Filter>
    </ClInclude>
    <ClInclude Include="..\live555\TunnelEncaps.hh">
      <Filter>Header Files\live555</Filter>
    </ClInclude>
    <ClInclude Include="..\live555\uLawAudioFilter.hh">
      <Filter>Header Files\live555</Filter>
    </ClInclude>
    <ClInclude Include="..\live555\UsageEnvironment.hh">
      <Filter>Header Files\live555</Filter>
    </ClInclude>
    <ClInclude Include="..\live555\UsageEnvironment_version.hh">
      <Filter>Header Files\live555</Filter>
    </ClInclude>
    <ClInclude Include="..\live555\VideoRTPSink.hh">
      <Filter>Header Files\live555</Filter>
    </ClInclude>
    <ClInclude Include="..\live555\VorbisAudioRTPSink.hh">
      <Filter>Header Files\live555</Filter>
    </ClInclude>
    <ClInclude Include="..\live555\VorbisAudioRTPSource.hh">
      <Filter>Header Files\live555</Filter>
    </ClInclude>
    <ClInclude Include="..\live555\VP8VideoRTPSink.hh">
      <Filter>Header Files\live555</Filter>
    </ClInclude>
    <ClInclude Include="..\live555\VP8VideoRTPSource.hh">
      <Filter>Header Files\live555</Filter>
    </ClInclude>
    <ClInclude Include="..\live555\VP9VideoRTPSink.hh">
      <Filter>Header Files\live555</Filter>
    </ClInclude>
    <ClInclude Include="..\live555\VP9VideoRTPSource.hh">
      <Filter>Header Files\live555</Filter>
    </ClInclude>
    <ClInclude Include="..\live555\WAVAudioFileServerMediaSubsession.hh">
      <Filter>Header Files\live555</Filter>
    </ClInclude>
    <ClInclude Include="..\live555\WAVAudioFileSource.hh">
      <Filter>Header Files\live555</Filter>
    </ClInclude>
    <ClInclude Include="..\src\srs_librtmp.h">
      <Filter>Header Files</Filter>
    </ClInclude>
    <ClInclude Include="..\src\testSrslibrtmp.hh">
      <Filter>Header Files</Filter>
    </ClInclude>
    <ClInclude Include="..\src\tailor.h">
      <Filter>Header Files</Filter>
    </ClInclude>
    <ClInclude Include="..\src\getopt.h">
      <Filter>Header Files</Filter>
    </ClInclude>
    <ClInclude Include="..\src\cJSON.h">
      <Filter>Header Files</Filter>
    </ClInclude>
  </ItemGroup>
</Project>